
Microsoft Visual Studio Solution File, Format Version 12.00
# Visual Studio Version 16
VisualStudioVersion = 16.0.33927.289
MinimumVisualStudioVersion = 10.0.40219.1
Project("{FAE04EC0-301F-11D3-BF4B-00C04F79EFBC}") = "Pokemon Tree", "Pokemon Tree\Pokemon Tree.csproj", "{D52F29F8-B6A7-49B6-8FE5-65CE7E0CAD32}"
EndProject
Global
	GlobalSection(SolutionConfigurationPlatforms) = preSolution
		Debug|Any CPU = Debug|Any CPU
		Release|Any CPU = Release|Any CPU
	EndGlobalSection
	GlobalSection(ProjectConfigurationPlatforms) = postSolution
		{D52F29F8-B6A7-49B6-8FE5-65CE7E0CAD32}.Debug|Any CPU.ActiveCfg = Debug|Any CPU
		{D52F29F8-B6A7-49B6-8FE5-65CE7E0CAD32}.Debug|Any CPU.Build.0 = Debug|Any CPU
		{D52F29F8-B6A7-49B6-8FE5-65CE7E0CAD32}.Release|Any CPU.ActiveCfg = Release|Any CPU
		{D52F29F8-B6A7-49B6-8FE5-65CE7E0CAD32}.Release|Any CPU.Build.0 = Release|Any CPU
	EndGlobalSection
	GlobalSection(SolutionProperties) = preSolution
		HideSolutionNode = FALSE
	EndGlobalSection
	GlobalSection(ExtensibilityGlobals) = postSolution
		SolutionGuid = {904E5FCB-6695-4CD1-80BF-66F38DD625EB}
	EndGlobalSection
EndGlobal
